{
  "name": "@qlean/york-web",
  "version": "0.3.6-beta-28",
  "lockfileVersion": 1,
  "requires": true,
  "dependencies": {
    "@qlean/york-core": {
      "version": "0.3.5",
      "resolved": "https://registry.npmjs.org/@qlean/york-core/-/york-core-0.3.5.tgz",
      "integrity": "sha512-ZJbRwpoXjlDGTDqdjmZX+LaPx2M7i6+bY0Sewp5jY8tgbLEaxLg12Sbh8jvZQSvNyX24WZ8dkSJJlZ7SeD0tcg=="
    },
    "lodash.throttle": {
      "version": "4.1.1",
      "resolved": "https://registry.npmjs.org/lodash.throttle/-/lodash.throttle-4.1.1.tgz",
      "integrity": "sha1-wj6RtxAkKscMN/HhzaknTMOb8vQ="
    }
  }
}
